
Microsoft Visual Studio Solution File, Format Version 12.00
# Visual Studio Version 17
VisualStudioVersion = 17.1.32210.238
MinimumVisualStudioVersion = 10.0.40219.1
Project("{9A19103F-16F7-4668-BE54-9A1E7A4F7556}") = "XvirusCLI", "XvirusCLI\XvirusCLI.csproj", "{E78D677D-DB7E-41CB-B8DF-7EF210190243}"
EndProject
Project("{FAE04EC0-301F-11D3-BF4B-00C04F79EFBC}") = "BaseLibrary", "BaseLibrary\BaseLibrary.csproj", "{D85CE0D1-BA43-4048-A737-234B8D7DCC39}"
EndProject
Project("{FAE04EC0-301F-11D3-BF4B-00C04F79EFBC}") = "CSharpSDK", "CSharpSDK\CSharpSDK.csproj", "{A66E2A85-BE55-4005-B51C-1B278A3B643E}"
EndProject
Project("{FAE04EC0-301F-11D3-BF4B-00C04F79EFBC}") = "NativeSDK", "NativeSDK\NativeSDK.csproj", "{FE8E921C-610D-4673-B247-7FF97C56B200}"
EndProject
Project("{FAE04EC0-301F-11D3-BF4B-00C04F79EFBC}") = "AITrainer", "AITrainer\AITrainer.csproj", "{A21752C8-96D9-447C-AA5B-70A85B9BED9C}"
EndProject
Project("{FAE04EC0-301F-11D3-BF4B-00C04F79EFBC}") = "XvirusService", "XvirusService\XvirusService.csproj", "{9EDA5AD1-0E77-48C9-8AEA-3343FBBA2962}"
EndProject
Global
	GlobalSection(SolutionConfigurationPlatforms) = preSolution
		Debug|Any CPU = Debug|Any CPU
		Debug|x64 = Debug|x64
		Release|Any CPU = Release|Any CPU
		Release|x64 = Release|x64
	EndGlobalSection
	GlobalSection(ProjectConfigurationPlatforms) = postSolution
		{E78D677D-DB7E-41CB-B8DF-7EF210190243}.Debug|Any CPU.ActiveCfg = Debug|Any CPU
		{E78D677D-DB7E-41CB-B8DF-7EF210190243}.Debug|Any CPU.Build.0 = Debug|Any CPU
		{E78D677D-DB7E-41CB-B8DF-7EF210190243}.Debug|x64.ActiveCfg = Debug|x64
		{E78D677D-DB7E-41CB-B8DF-7EF210190243}.Debug|x64.Build.0 = Debug|x64
		{E78D677D-DB7E-41CB-B8DF-7EF210190243}.Release|Any CPU.ActiveCfg = Release|Any CPU
		{E78D677D-DB7E-41CB-B8DF-7EF210190243}.Release|Any CPU.Build.0 = Release|Any CPU
		{E78D677D-DB7E-41CB-B8DF-7EF210190243}.Release|x64.ActiveCfg = Release|x64
		{E78D677D-DB7E-41CB-B8DF-7EF210190243}.Release|x64.Build.0 = Release|x64
		{D85CE0D1-BA43-4048-A737-234B8D7DCC39}.Debug|Any CPU.ActiveCfg = Debug|Any CPU
		{D85CE0D1-BA43-4048-A737-234B8D7DCC39}.Debug|Any CPU.Build.0 = Debug|Any CPU
		{D85CE0D1-BA43-4048-A737-234B8D7DCC39}.Debug|x64.ActiveCfg = Debug|Any CPU
		{D85CE0D1-BA43-4048-A737-234B8D7DCC39}.Debug|x64.Build.0 = Debug|Any CPU
		{D85CE0D1-BA43-4048-A737-234B8D7DCC39}.Release|Any CPU.ActiveCfg = Release|Any CPU
		{D85CE0D1-BA43-4048-A737-234B8D7DCC39}.Release|Any CPU.Build.0 = Release|Any CPU
		{D85CE0D1-BA43-4048-A737-234B8D7DCC39}.Release|x64.ActiveCfg = Release|Any CPU
		{D85CE0D1-BA43-4048-A737-234B8D7DCC39}.Release|x64.Build.0 = Release|Any CPU
		{A66E2A85-BE55-4005-B51C-1B278A3B643E}.Debug|Any CPU.ActiveCfg = Debug|Any CPU
		{A66E2A85-BE55-4005-B51C-1B278A3B643E}.Debug|Any CPU.Build.0 = Debug|Any CPU
		{A66E2A85-BE55-4005-B51C-1B278A3B643E}.Debug|x64.ActiveCfg = Debug|Any CPU
		{A66E2A85-BE55-4005-B51C-1B278A3B643E}.Debug|x64.Build.0 = Debug|Any CPU
		{A66E2A85-BE55-4005-B51C-1B278A3B643E}.Release|Any CPU.ActiveCfg = Release|Any CPU
		{A66E2A85-BE55-4005-B51C-1B278A3B643E}.Release|Any CPU.Build.0 = Release|Any CPU
		{A66E2A85-BE55-4005-B51C-1B278A3B643E}.Release|x64.ActiveCfg = Release|Any CPU
		{A66E2A85-BE55-4005-B51C-1B278A3B643E}.Release|x64.Build.0 = Release|Any CPU
		{FE8E921C-610D-4673-B247-7FF97C56B200}.Debug|Any CPU.ActiveCfg = Debug|Any CPU
		{FE8E921C-610D-4673-B247-7FF97C56B200}.Debug|Any CPU.Build.0 = Debug|Any CPU
		{FE8E921C-610D-4673-B247-7FF97C56B200}.Debug|x64.ActiveCfg = Debug|Any CPU
		{FE8E921C-610D-4673-B247-7FF97C56B200}.Debug|x64.Build.0 = Debug|Any CPU
		{FE8E921C-610D-4673-B247-7FF97C56B200}.Release|Any CPU.ActiveCfg = Release|Any CPU
		{FE8E921C-610D-4673-B247-7FF97C56B200}.Release|Any CPU.Build.0 = Release|Any CPU
		{FE8E921C-610D-4673-B247-7FF97C56B200}.Release|x64.ActiveCfg = Release|Any CPU
		{FE8E921C-610D-4673-B247-7FF97C56B200}.Release|x64.Build.0 = Release|Any CPU
		{A21752C8-96D9-447C-AA5B-70A85B9BED9C}.Debug|Any CPU.ActiveCfg = Debug|Any CPU
		{A21752C8-96D9-447C-AA5B-70A85B9BED9C}.Debug|Any CPU.Build.0 = Debug|Any CPU
		{A21752C8-96D9-447C-AA5B-70A85B9BED9C}.Debug|x64.ActiveCfg = Debug|Any CPU
		{A21752C8-96D9-447C-AA5B-70A85B9BED9C}.Debug|x64.Build.0 = Debug|Any CPU
		{A21752C8-96D9-447C-AA5B-70A85B9BED9C}.Release|Any CPU.ActiveCfg = Release|Any CPU
		{A21752C8-96D9-447C-AA5B-70A85B9BED9C}.Release|Any CPU.Build.0 = Release|Any CPU
		{A21752C8-96D9-447C-AA5B-70A85B9BED9C}.Release|x64.ActiveCfg = Release|Any CPU
		{A21752C8-96D9-447C-AA5B-70A85B9BED9C}.Release|x64.Build.0 = Release|Any CPU
		{9EDA5AD1-0E77-48C9-8AEA-3343FBBA2962}.Debug|Any CPU.ActiveCfg = Debug|Any CPU
		{9EDA5AD1-0E77-48C9-8AEA-3343FBBA2962}.Debug|Any CPU.Build.0 = Debug|Any CPU
		{9EDA5AD1-0E77-48C9-8AEA-3343FBBA2962}.Debug|x64.ActiveCfg = Debug|Any CPU
		{9EDA5AD1-0E77-48C9-8AEA-3343FBBA2962}.Debug|x64.Build.0 = Debug|Any CPU
		{9EDA5AD1-0E77-48C9-8AEA-3343FBBA2962}.Release|Any CPU.ActiveCfg = Release|Any CPU
		{9EDA5AD1-0E77-48C9-8AEA-3343FBBA2962}.Release|Any CPU.Build.0 = Release|Any CPU
		{9EDA5AD1-0E77-48C9-8AEA-3343FBBA2962}.Release|x64.ActiveCfg = Release|Any CPU
		{9EDA5AD1-0E77-48C9-8AEA-3343FBBA2962}.Release|x64.Build.0 = Release|Any CPU
	EndGlobalSection
	GlobalSection(SolutionProperties) = preSolution
		HideSolutionNode = FALSE
	EndGlobalSection
	GlobalSection(ExtensibilityGlobals) = postSolution
		SolutionGuid = {AC1903C1-AB6E-4C79-9C20-B2C546C8D0BD}
	EndGlobalSection
EndGlobal
